// !$*UTF8*$!
{
	archiveVersion = 1;
	classes = {
	};
	objectVersion = 50;
	objects = {

/* Begin PBXBuildFile section */
		D25EDEC324E345DB00D1EE97 /* AppDelegate.swift in Sources */ = {isa = PBXBuildFile; fileRef = D25EDEC224E345DB00D1EE97 /* AppDelegate.swift */; };
		D25EDEC524E345DB00D1EE97 /* SceneDelegate.swift in Sources */ = {isa = PBXBuildFile; fileRef = D25EDEC424E345DB00D1EE97 /* SceneDelegate.swift */; };
		D25EDEC724E345DB00D1EE97 /* ViewController.swift in Sources */ = {isa = PBXBuildFile; fileRef = D25EDEC624E345DB00D1EE97 /* ViewController.swift */; };
		D25EDECA24E345DB00D1EE97 /* Main.storyboard in Resources */ = {isa = PBXBuildFile; fileRef = D25EDEC824E345DB00D1EE97 /* Main.storyboard */; };
		D25EDECC24E345DD00D1EE97 /* Assets.xcassets in Resources */ = {isa = PBXBuildFile; fileRef = D25EDECB24E345DD00D1EE97 /* Assets.xcassets */; };
		D25EDECF24E345DD00D1EE97 /* LaunchScreen.storyboard in Resources */ = {isa = PBXBuildFile; fileRef = D25EDECD24E345DD00D1EE97 /* LaunchScreen.storyboard */; };
/* End PBXBuildFile section */

/* Begin PBXFileReference section */
		D25EDEBF24E345DB00D1EE97 /* UIKitVoxelExample.app */ = {isa = PBXFileReference; explicitFileType = wrapper.application; includeInIndex = 0; path = UIKitVoxelExample.app; sourceTree = BUILT_PRODUCTS_DIR; };
		D25EDEC224E345DB00D1EE97 /* AppDelegate.swift */ = {isa = PBXFileReference; lastKnownFileType = sourcecode.swift; path = AppDelegate.swift; sourceTree = "<group>"; };
		D25EDEC424E345DB00D1EE97 /* SceneDelegate.swift */ = {isa = PBXFileReference; lastKnownFileType = sourcecode.swift; path = SceneDelegate.swift; sourceTree = "<group>"; };
		D25EDEC624E345DB00D1EE97 /* ViewController.swift */ = {isa = PBXFileReference; lastKnownFileType = sourcecode.swift; path = ViewController.swift; sourceTree = "<group>"; };
		D25EDEC924E345DB00D1EE97 /* Base */ = {isa = PBXFileReference; lastKnownFileType = file.storyboard; name = Base; path = Base.lproj/Main.storyboard; sourceTree = "<group>"; };
		D25EDECB24E345DD00D1EE97 /* Assets.xcassets */ = {isa = PBXFileReference; lastKnownFileType = folder.assetcatalog; path = Assets.xcassets; sourceTree = "<group>"; };
		D25EDECE24E345DD00D1EE97 /* Base */ = {isa = PBXFileReference; lastKnownFileType = file.storyboard; name = Base; path = Base.lproj/LaunchScreen.storyboard; sourceTree = "<group>"; };
		D25EDED024E345DD00D1EE97 /* Info.plist */ = {isa = PBXFileReference; lastKnownFileType = text.plist.xml; path = Info.plist; sourceTree = "<group>"; };
/* End PBXFileReference section */

/* Begin PBXFrameworksBuildPhase section */
		D25EDEBC24E345DB00D1EE97 /* Frameworks */ = {
			isa = PBXFrameworksBuildPhase;
			buildActionMask = 2147483647;
			files = (
			);
			runOnlyForDeploymentPostprocessing = 0;
		};
/* End PBXFrameworksBuildPhase section */

/* Begin PBXGroup section */
		D25EDEB624E345DB00D1EE97 = {
			isa = PBXGroup;
			children = (
				D25EDEC124E345DB00D1EE97 /* UIKitVoxelExample */,
				D25EDEC024E345DB00D1EE97 /* Products */,
			);
			sourceTree = "<group>";
		};
		D25EDEC024E345DB00D1EE97 /* Products */ = {
			isa = PBXGroup;
			children = (
				D25EDEBF24E345DB00D1EE97 /* UIKitVoxelExample.app */,
			);
			name = Products;
			sourceTree = "<group>";
		};
		D25EDEC124E345DB00D1EE97 /* UIKitVoxelExample */ = {
			isa = PBXGroup;
			children = (
				D25EDEC224E345DB00D1EE97 /* AppDelegate.swift */,
				D25EDEC424E345DB00D1EE97 /* SceneDelegate.swift */,
				D25EDEC624E345DB00D1EE97 /* ViewController.swift */,
				D25EDEC824E345DB00D1EE97 /* Main.storyboard */,
				D25EDECB24E345DD00D1EE97 /* Assets.xcassets */,
				D25EDECD24E345DD00D1EE97 /* LaunchScreen.storyboard */,
				D25EDED024E345DD00D1EE97 /* Info.plist */,
			);
			path = UIKitVoxelExample;
			sourceTree = "<group>";
		};
/* End PBXGroup section */

/* Begin PBXNativeTarget section */
		D25EDEBE24E345DB00D1EE97 /* UIKitVoxelExample */ = {
			isa = PBXNativeTarget;
			buildConfigurationList = D25EDED324E345DD00D1EE97 /* Build configuration list for PBXNativeTarget "UIKitVoxelExample" */;
			buildPhases = (
				D25EDEBB24E345DB00D1EE97 /* Sources */,
				D25EDEBC24E345DB00D1EE97 /* Frameworks */,
				D25EDEBD24E345DB00D1EE97 /* Resources */,
			);
			buildRules = (
			);
			dependencies = (
			);
			name = UIKitVoxelExample;
			productName = UIKitVoxelExample;
			productReference = D25EDEBF24E345DB00D1EE97 /* UIKitVoxelExample.app */;
			productType = "com.apple.product-type.application";
		};
/* End PBXNativeTarget section */

/* Begin PBXProject section */
		D25EDEB724E345DB00D1EE97 /* Project object */ = {
			isa = PBXProject;
			attributes = {
				LastSwiftUpdateCheck = 1160;
				LastUpgradeCheck = 1160;
				ORGANIZATIONNAME = "MARCOS ALESSANDRO DA FONSECA";
				TargetAttributes = {
					D25EDEBE24E345DB00D1EE97 = {
						CreatedOnToolsVersion = 11.6;
					};
				};
			};
			buildConfigurationList = D25EDEBA24E345DB00D1EE97 /* Build configuration list for PBXProject "UIKitVoxelExample" */;
			compatibilityVersion = "Xcode 9.3";
			developmentRegion = en;
			hasScannedForEncodings = 0;
			knownRegions = (
				en,
				Base,
			);
			mainGroup = D25EDEB624E345DB00D1EE97;
			productRefGroup = D25EDEC024E345DB00D1EE97 /* Products */;
			projectDirPath = "";
			projectRoot = "";
			targets = (
				D25EDEBE24E345DB00D1EE97 /* UIKitVoxelExample */,
			);
		};
/* End PBXProject section */

/* Begin PBXResourcesBuildPhase section */
		D25EDEBD24E345DB00D1EE97 /* Resources */ = {
			isa = PBXResourcesBuildPhase;
			buildActionMask = 2147483647;
			files = (
				D25EDECF24E345DD00D1EE97 /* LaunchScreen.storyboard in Resources */,
				D25EDECC24E345DD00D1EE97 /* Assets.xcassets in Resources */,
				D25EDECA24E345DB00D1EE97 /* Main.storyboard in Resources */,
			);
			runOnlyForDeploymentPostprocessing = 0;
		};
/* End PBXResourcesBuildPhase section */

/* Begin PBXSourcesBuildPhase section */
		D25EDEBB24E345DB00D1EE97 /* Sources */ = {
			isa = PBXSourcesBuildPhase;
			buildActionMask = 2147483647;
			files = (
				D25EDEC724E345DB00D1EE97 /* ViewController.swift in Sources */,
				D25EDEC324E345DB00D1EE97 /* AppDelegate.swift in Sources */,
				D25EDEC524E345DB00D1EE97 /* SceneDelegate.swift in Sources */,
			);
			runOnlyForDeploymentPostprocessing = 0;
		};
/* End PBXSourcesBuildPhase section */

/* Begin PBXVariantGroup section */
		D25EDEC824E345DB00D1EE97 /* Main.storyboard */ = {
			isa = PBXVariantGroup;
			children = (
				D25EDEC924E345DB00D1EE97 /* Base */,
			);
			name = Main.storyboard;
			sourceTree = "<group>";
		};
		D25EDECD24E345DD00D1EE97 /* LaunchScreen.storyboard */ = {
			isa = PBXVariantGroup;
			children = (
				D25EDECE24E345DD00D1EE97 /* Base */,
			);
			name = LaunchScreen.storyboard;
			sourceTree = "<group>";
		};
/* End PBXVariantGroup section */

/* Begin XCBuildConfiguration section */
		D25EDED124E345DD00D1EE97 /* Debug */ = {
			isa = XCBuildConfiguration;
			buildSettings = {
				ALWAYS_SEARCH_USER_PATHS = NO;
				CLANG_ANALYZER_NONNULL = YES;
				CLANG_ANALYZER_NUMBER_OBJECT_CONVERSION = YES_AGGRESSIVE;
				CLANG_CXX_LANGUAGE_STANDARD = "gnu++14";
				CLANG_CXX_LIBRARY = "libc++";
				CLANG_ENABLE_MODULES = YES;
				CLANG_ENABLE_OBJC_ARC = YES;
				CLANG_ENABLE_OBJC_WEAK = YES;
				CLANG_WARN_BLOCK_CAPTURE_AUTORELEASING = YES;
				CLANG_WARN_BOOL_CONVERSION = YES;
				CLANG_WARN_COMMA = YES;
				CLANG_WARN_CONSTANT_CONVERSION = YES;
				CLANG_WARN_DEPRECATED_OBJC_IMPLEMENTATIONS = YES;
				CLANG_WARN_DIRECT_OBJC_ISA_USAGE = YES_ERROR;
				CLANG_WARN_DOCUMENTATION_COMMENTS = YES;
				CLANG_WARN_EMPTY_BODY = YES;
				CLANG_WARN_ENUM_CONVERSION = YES;
				CLANG_WARN_INFINITE_RECURSION = YES;
				CLANG_WARN_INT_CONVERSION = YES;
				CLANG_WARN_NON_LITERAL_NULL_CONVERSION = YES;
				CLANG_WARN_OBJC_IMPLICIT_RETAIN_SELF = YES;
				CLANG_WARN_OBJC_LITERAL_CONVERSION = YES;
				CLANG_WARN_OBJC_ROOT_CLASS = YES_ERROR;
				CLANG_WARN_RANGE_LOOP_ANALYSIS = YES;
				CLANG_WARN_STRICT_PROTOTYPES = YES;
				CLANG_WARN_SUSPICIOUS_MOVE = YES;
				CLANG_WARN_UNGUARDED_AVAILABILITY = YES_AGGRESSIVE;
				CLANG_WARN_UNREACHABLE_CODE = YES;
				CLANG_WARN__DUPLICATE_METHOD_MATCH = YES;
				COPY_PHASE_STRIP = NO;
				DEBUG_INFORMATION_FORMAT = dwarf;
				ENABLE_STRICT_OBJC_MSGSEND = YES;
				ENABLE_TESTABILITY = YES;
				GCC_C_LANGUAGE_STANDARD = gnu11;
				GCC_DYNAMIC_NO_PIC = NO;
				GCC_NO_COMMON_BLOCKS = YES;
				GCC_OPTIMIZATION_LEVEL = 0;
				GCC_PREPROCESSOR_DEFINITIONS = (
					"DEBUG=1",
					"$(inherited)",
				);
				GCC_WARN_64_TO_32_BIT_CONVERSION = YES;
				GCC_WARN_ABOUT_RETURN_TYPE = YES_ERROR;
				GCC_WARN_UNDECLARED_SELECTOR = YES;
				GCC_WARN_UNINITIALIZED_AUTOS = YES_AGGRESSIVE;
				GCC_WARN_UNUSED_FUNCTION = YES;
				GCC_WARN_UNUSED_VARIABLE = YES;
				IPHONEOS_DEPLOYMENT_TARGET = 13.6;
				MTL_ENABLE_DEBUG_INFO = INCLUDE_SOURCE;
				MTL_FAST_MATH = YES;
				ONLY_ACTIVE_ARCH = YES;
				SDKROOT = iphoneos;
				SWIFT_ACTIVE_COMPILATION_CONDITIONS = DEBUG;
				SWIFT_OPTIMIZATION_LEVEL = "-Onone";
			};
			name = Debug;
		};
		D25EDED224E345DD00D1EE97 /* Release */ = {
			isa = XCBuildConfiguration;
			buildSettings = {
				ALWAYS_SEARCH_USER_PATHS = NO;
				CLANG_ANALYZER_NONNULL = YES;
				CLANG_ANALYZER_NUMBER_OBJECT_CONVERSION = YES_AGGRESSIVE;
				CLANG_CXX_LANGUAGE_STANDARD = "gnu++14";
				CLANG_CXX_LIBRARY = "libc++";
				CLANG_ENABLE_MODULES = YES;
				CLANG_ENABLE_OBJC_ARC = YES;
				CLANG_ENABLE_OBJC_WEAK = YES;
				CLANG_WARN_BLOCK_CAPTURE_AUTORELEASING = YES;
				CLANG_WARN_BOOL_CONVERSION = YES;
				CLANG_WARN_COMMA = YES;
				CLANG_WARN_CONSTANT_CONVERSION = YES;
				CLANG_WARN_DEPRECATED_OBJC_IMPLEMENTATIONS = YES;
				CLANG_WARN_DIRECT_OBJC_ISA_USAGE = YES_ERROR;
				CLANG_WARN_DOCUMENTATION_COMMENTS = YES;
				CLANG_WARN_EMPTY_BODY = YES;
				CLANG_WARN_ENUM_CONVERSION = YES;
				CLANG_WARN_INFINITE_RECURSION = YES;
				CLANG_WARN_INT_CONVERSION = YES;
				CLANG_WARN_NON_LITERAL_NULL_CONVERSION = YES;
				CLANG_WARN_OBJC_IMPLICIT_RETAIN_SELF = YES;
				CLANG_WARN_OBJC_LITERAL_CONVERSION = YES;
				CLANG_WARN_OBJC_ROOT_CLASS = YES_ERROR;
				CLANG_WARN_RANGE_LOOP_ANALYSIS = YES;
				CLANG_WARN_STRICT_PROTOTYPES = YES;
				CLANG_WARN_SUSPICIOUS_MOVE = YES;
				CLANG_WARN_UNGUARDED_AVAILABILITY = YES_AGGRESSIVE;
				CLANG_WARN_UNREACHABLE_CODE = YES;
				CLANG_WARN__DUPLICATE_METHOD_MATCH = YES;
				COPY_PHASE_STRIP = NO;
				DEBUG_INFORMATION_FORMAT = "dwarf-with-dsym";
				ENABLE_NS_ASSERTIONS = NO;
				ENABLE_STRICT_OBJC_MSGSEND = YES;
				GCC_C_LANGUAGE_STANDARD = gnu11;
				GCC_NO_COMMON_BLOCKS = YES;
				GCC_WARN_64_TO_32_BIT_CONVERSION = YES;
				GCC_WARN_ABOUT_RETURN_TYPE = YES_ERROR;
				GCC_WARN_UNDECLARED_SELECTOR = YES;
				GCC_WARN_UNINITIALIZED_AUTOS = YES_AGGRESSIVE;
				GCC_WARN_UNUSED_FUNCTION = YES;
				GCC_WARN_UNUSED_VARIABLE = YES;
				IPHONEOS_DEPLOYMENT_TARGET = 13.6;
				MTL_ENABLE_DEBUG_INFO = NO;
				MTL_FAST_MATH = YES;
				SDKROOT = iphoneos;
				SWIFT_COMPILATION_MODE = wholemodule;
				SWIFT_OPTIMIZATION_LEVEL = "-O";
				VALIDATE_PRODUCT = YES;
			};
			name = Release;
		};
		D25EDED424E345DD00D1EE97 /* Debug */ = {
			isa = XCBuildConfiguration;
			buildSettings = {
				ASSETCATALOG_COMPILER_APPICON_NAME = AppIcon;
				CODE_SIGN_STYLE = Automatic;
				DEVELOPMENT_TEAM = 5472N6U7HK;
				INFOPLIST_FILE = UIKitVoxelExample/Info.plist;
				LD_RUNPATH_SEARCH_PATHS = (
					"$(inherited)",
					"@executable_path/Frameworks",
				);
				PRODUCT_BUNDLE_IDENTIFIER = br.com.maf.UIKitVoxelExample;
				PRODUCT_NAME = "$(TARGET_NAME)";
				SWIFT_VERSION = 5.0;
				TARGETED_DEVICE_FAMILY = "1,2";
			};
			name = Debug;
		};
		D25EDED524E345DD00D1EE97 /* Release */ = {
			isa = XCBuildConfiguration;
			buildSettings = {
				ASSETCATALOG_COMPILER_APPICON_NAME = AppIcon;
				CODE_SIGN_STYLE = Automatic;
				DEVELOPMENT_TEAM = 5472N6U7HK;
				INFOPLIST_FILE = UIKitVoxelExample/Info.plist;
				LD_RUNPATH_SEARCH_PATHS = (
					"$(inherited)",
					"@executable_path/Frameworks",
				);
				PRODUCT_BUNDLE_IDENTIFIER = br.com.maf.UIKitVoxelExample;
				PRODUCT_NAME = "$(TARGET_NAME)";
				SWIFT_VERSION = 5.0;
				TARGETED_DEVICE_FAMILY = "1,2";
			};
			name = Release;
		};
/* End XCBuildConfiguration section */

/* Begin XCConfigurationList section */
		D25EDEBA24E345DB00D1EE97 /* Build configuration list for PBXProject "UIKitVoxelExample" */ = {
			isa = XCConfigurationList;
			buildConfigurations = (
				D25EDED124E345DD00D1EE97 /* Debug */,
				D25EDED224E345DD00D1EE97 /* Release */,
			);
			defaultConfigurationIsVisible = 0;
			defaultConfigurationName = Release;
		};
		D25EDED324E345DD00D1EE97 /* Build configuration list for PBXNativeTarget "UIKitVoxelExample" */ = {
			isa = XCConfigurationList;
			buildConfigurations = (
				D25EDED424E345DD00D1EE97 /* Debug */,
				D25EDED524E345DD00D1EE97 /* Release */,
			);
			defaultConfigurationIsVisible = 0;
			defaultConfigurationName = Release;
		};
/* End XCConfigurationList section */
	};
	rootObject = D25EDEB724E345DB00D1EE97 /* Project object */;
}
